// !$*UTF8*$!
{
	archiveVersion = 1;
	classes = {
	};
	objectVersion = 46;
	objects = {

/* Begin PBXBuildFile section */
		D146E0A42134DDFE0005027D /* main.cpp in Sources */ = {isa = PBXBuildFile; fileRef = D146E0A32134DDFE0005027D /* main.cpp */; };
		D162C7B4213577B200E8B927 /* Trader.cpp in Sources */ = {isa = PBXBuildFile; fileRef = D162C7B2213577B200E8B927 /* Trader.cpp */; };
		D162C7B7213578A700E8B927 /* Stats.cpp in Sources */ = {isa = PBXBuildFile; fileRef = D162C7B5213578A700E8B927 /* Stats.cpp */; };
		D162C7BA213578CE00E8B927 /* Portfolio.cpp in Sources */ = {isa = PBXBuildFile; fileRef = D162C7B8213578CE00E8B927 /* Portfolio.cpp */; };
		D162C7BD21357A1500E8B927 /* Holding.cpp in Sources */ = {isa = PBXBuildFile; fileRef = D162C7BB21357A1500E8B927 /* Holding.cpp */; };
		D162C7D32135F89C00E8B927 /* Order.cpp in Sources */ = {isa = PBXBuildFile; fileRef = D162C7D12135F89C00E8B927 /* Order.cpp */; };
		D162C84321371F6E00E8B927 /* api.h in Headers */ = {isa = PBXBuildFile; fileRef = D162C82021371F6E00E8B927 /* api.h */; };
		D162C84421371F6E00E8B927 /* auth.cpp in Headers */ = {isa = PBXBuildFile; fileRef = D162C82121371F6E00E8B927 /* auth.cpp */; };
		D162C84521371F6E00E8B927 /* auth.h in Headers */ = {isa = PBXBuildFile; fileRef = D162C82221371F6E00E8B927 /* auth.h */; };
		D162C84621371F6E00E8B927 /* body.h in Headers */ = {isa = PBXBuildFile; fileRef = D162C82321371F6E00E8B927 /* body.h */; };
		D162C84721371F6E00E8B927 /* CMakeLists.txt in Headers */ = {isa = PBXBuildFile; fileRef = D162C82421371F6E00E8B927 /* CMakeLists.txt */; };
		D162C84821371F6E00E8B927 /* cookies.cpp in Headers */ = {isa = PBXBuildFile; fileRef = D162C82521371F6E00E8B927 /* cookies.cpp */; };
		D162C84921371F6E00E8B927 /* cookies.h in Headers */ = {isa = PBXBuildFile; fileRef = D162C82621371F6E00E8B927 /* cookies.h */; };
		D162C84A21371F6E00E8B927 /* cpr.h in Headers */ = {isa = PBXBuildFile; fileRef = D162C82721371F6E00E8B927 /* cpr.h */; };
		D162C84B21371F6E00E8B927 /* cprtypes.cpp in Headers */ = {isa = PBXBuildFile; fileRef = D162C82821371F6E00E8B927 /* cprtypes.cpp */; };
		D162C84C21371F6E00E8B927 /* cprtypes.h in Headers */ = {isa = PBXBuildFile; fileRef = D162C82921371F6E00E8B927 /* cprtypes.h */; };
		D162C84D21371F6E00E8B927 /* curlholder.h in Headers */ = {isa = PBXBuildFile; fileRef = D162C82A21371F6E00E8B927 /* curlholder.h */; };
		D162C84E21371F6E00E8B927 /* defines.h in Headers */ = {isa = PBXBuildFile; fileRef = D162C82B21371F6E00E8B927 /* defines.h */; };
		D162C84F21371F6E00E8B927 /* digest.cpp in Headers */ = {isa = PBXBuildFile; fileRef = D162C82C21371F6E00E8B927 /* digest.cpp */; };
		D162C85021371F6E00E8B927 /* digest.h in Headers */ = {isa = PBXBuildFile; fileRef = D162C82D21371F6E00E8B927 /* digest.h */; };
		D162C85121371F6E00E8B927 /* error.cpp in Headers */ = {isa = PBXBuildFile; fileRef = D162C82E21371F6E00E8B927 /* error.cpp */; };
		D162C85221371F6E00E8B927 /* error.h in Headers */ = {isa = PBXBuildFile; fileRef = D162C82F21371F6E00E8B927 /* error.h */; };
		D162C85321371F6E00E8B927 /* low_speed.h in Headers */ = {isa = PBXBuildFile; fileRef = D162C83021371F6E00E8B927 /* low_speed.h */; };
		D162C85421371F6E00E8B927 /* max_redirects.h in Headers */ = {isa = PBXBuildFile; fileRef = D162C83121371F6E00E8B927 /* max_redirects.h */; };
		D162C85521371F6E00E8B927 /* multipart.cpp in Headers */ = {isa = PBXBuildFile; fileRef = D162C83221371F6E00E8B927 /* multipart.cpp */; };
		D162C85621371F6E00E8B927 /* multipart.h in Headers */ = {isa = PBXBuildFile; fileRef = D162C83321371F6E00E8B927 /* multipart.h */; };
		D162C85721371F6E00E8B927 /* parameters.cpp in Headers */ = {isa = PBXBuildFile; fileRef = D162C83421371F6E00E8B927 /* parameters.cpp */; };
		D162C85821371F6E00E8B927 /* parameters.h in Headers */ = {isa = PBXBuildFile; fileRef = D162C83521371F6E00E8B927 /* parameters.h */; };
		D162C85921371F6E00E8B927 /* payload.cpp in Headers */ = {isa = PBXBuildFile; fileRef = D162C83621371F6E00E8B927 /* payload.cpp */; };
		D162C85A21371F6E00E8B927 /* payload.h in Headers */ = {isa = PBXBuildFile; fileRef = D162C83721371F6E00E8B927 /* payload.h */; };
		D162C85B21371F6E00E8B927 /* proxies.cpp in Headers */ = {isa = PBXBuildFile; fileRef = D162C83821371F6E00E8B927 /* proxies.cpp */; };
		D162C85C21371F6E00E8B927 /* proxies.h in Headers */ = {isa = PBXBuildFile; fileRef = D162C83921371F6E00E8B927 /* proxies.h */; };
		D162C85D21371F6E00E8B927 /* response.h in Headers */ = {isa = PBXBuildFile; fileRef = D162C83A21371F6E00E8B927 /* response.h */; };
		D162C85E21371F6E00E8B927 /* session.cpp in Headers */ = {isa = PBXBuildFile; fileRef = D162C83B21371F6E00E8B927 /* session.cpp */; };
		D162C85F21371F6E00E8B927 /* session.h in Headers */ = {isa = PBXBuildFile; fileRef = D162C83C21371F6E00E8B927 /* session.h */; };
		D162C86021371F6E00E8B927 /* ssl_options.cpp in Headers */ = {isa = PBXBuildFile; fileRef = D162C83D21371F6E00E8B927 /* ssl_options.cpp */; };
		D162C86121371F6E00E8B927 /* ssl_options.h in Headers */ = {isa = PBXBuildFile; fileRef = D162C83E21371F6E00E8B927 /* ssl_options.h */; };
		D162C86221371F6E00E8B927 /* timeout.cpp in Headers */ = {isa = PBXBuildFile; fileRef = D162C83F21371F6E00E8B927 /* timeout.cpp */; };
		D162C86321371F6E00E8B927 /* timeout.h in Headers */ = {isa = PBXBuildFile; fileRef = D162C84021371F6E00E8B927 /* timeout.h */; };
		D162C86421371F6E00E8B927 /* util.cpp in Headers */ = {isa = PBXBuildFile; fileRef = D162C84121371F6E00E8B927 /* util.cpp */; };
		D162C86521371F6E00E8B927 /* util.h in Headers */ = {isa = PBXBuildFile; fileRef = D162C84221371F6E00E8B927 /* util.h */; };
/* End PBXBuildFile section */

/* Begin PBXCopyFilesBuildPhase section */
		D146E09E2134DDFE0005027D /* CopyFiles */ = {
			isa = PBXCopyFilesBuildPhase;
			buildActionMask = 2147483647;
			dstPath = /usr/share/man/man1/;
			dstSubfolderSpec = 0;
			files = (
			);
			runOnlyForDeploymentPostprocessing = 1;
		};
/* End PBXCopyFilesBuildPhase section */

/* Begin PBXFileReference section */
		D146E0A02134DDFE0005027D /* myAlgo */ = {isa = PBXFileReference; explicitFileType = "compiled.mach-o.executable"; includeInIndex = 0; path = myAlgo; sourceTree = BUILT_PRODUCTS_DIR; };
		D146E0A32134DDFE0005027D /* main.cpp */ = {isa = PBXFileReference; lastKnownFileType = sourcecode.cpp.cpp; path = main.cpp; sourceTree = "<group>"; };
		D162C7B2213577B200E8B927 /* Trader.cpp */ = {isa = PBXFileReference; fileEncoding = 4; lastKnownFileType = sourcecode.cpp.cpp; path = Trader.cpp; sourceTree = "<group>"; };
		D162C7B3213577B200E8B927 /* Trader.hpp */ = {isa = PBXFileReference; fileEncoding = 4; lastKnownFileType = sourcecode.cpp.h; path = Trader.hpp; sourceTree = "<group>"; };
		D162C7B5213578A700E8B927 /* Stats.cpp */ = {isa = PBXFileReference; fileEncoding = 4; lastKnownFileType = sourcecode.cpp.cpp; path = Stats.cpp; sourceTree = "<group>"; };
		D162C7B6213578A700E8B927 /* Stats.hpp */ = {isa = PBXFileReference; fileEncoding = 4; lastKnownFileType = sourcecode.cpp.h; path = Stats.hpp; sourceTree = "<group>"; };
		D162C7B8213578CE00E8B927 /* Portfolio.cpp */ = {isa = PBXFileReference; fileEncoding = 4; lastKnownFileType = sourcecode.cpp.cpp; path = Portfolio.cpp; sourceTree = "<group>"; };
		D162C7B9213578CE00E8B927 /* Portfolio.hpp */ = {isa = PBXFileReference; fileEncoding = 4; lastKnownFileType = sourcecode.cpp.h; path = Portfolio.hpp; sourceTree = "<group>"; };
		D162C7BB21357A1500E8B927 /* Holding.cpp */ = {isa = PBXFileReference; fileEncoding = 4; lastKnownFileType = sourcecode.cpp.cpp; path = Holding.cpp; sourceTree = "<group>"; };
		D162C7BC21357A1500E8B927 /* Holding.hpp */ = {isa = PBXFileReference; fileEncoding = 4; lastKnownFileType = sourcecode.cpp.h; path = Holding.hpp; sourceTree = "<group>"; };
		D162C7D12135F89C00E8B927 /* Order.cpp */ = {isa = PBXFileReference; fileEncoding = 4; lastKnownFileType = sourcecode.cpp.cpp; path = Order.cpp; sourceTree = "<group>"; };
		D162C7D22135F89C00E8B927 /* Order.hpp */ = {isa = PBXFileReference; fileEncoding = 4; lastKnownFileType = sourcecode.cpp.h; path = Order.hpp; sourceTree = "<group>"; };
		D162C82021371F6E00E8B927 /* api.h */ = {isa = PBXFileReference; lastKnownFileType = sourcecode.c.h; name = api.h; path = cpr/api.h; sourceTree = "<group>"; };
		D162C82121371F6E00E8B927 /* auth.cpp */ = {isa = PBXFileReference; lastKnownFileType = sourcecode.cpp.cpp; name = auth.cpp; path = cpr/auth.cpp; sourceTree = "<group>"; };
		D162C82221371F6E00E8B927 /* auth.h */ = {isa = PBXFileReference; lastKnownFileType = sourcecode.c.h; name = auth.h; path = cpr/auth.h; sourceTree = "<group>"; };
		D162C82321371F6E00E8B927 /* body.h */ = {isa = PBXFileReference; lastKnownFileType = sourcecode.c.h; name = body.h; path = cpr/body.h; sourceTree = "<group>"; };
		D162C82421371F6E00E8B927 /* CMakeLists.txt */ = {isa = PBXFileReference; lastKnownFileType = text; name = CMakeLists.txt; path = cpr/CMakeLists.txt; sourceTree = "<group>"; };
		D162C82521371F6E00E8B927 /* cookies.cpp */ = {isa = PBXFileReference; lastKnownFileType = sourcecode.cpp.cpp; name = cookies.cpp; path = cpr/cookies.cpp; sourceTree = "<group>"; };
		D162C82621371F6E00E8B927 /* cookies.h */ = {isa = PBXFileReference; lastKnownFileType = sourcecode.c.h; name = cookies.h; path = cpr/cookies.h; sourceTree = "<group>"; };
		D162C82721371F6E00E8B927 /* cpr.h */ = {isa = PBXFileReference; lastKnownFileType = sourcecode.c.h; name = cpr.h; path = cpr/cpr.h; sourceTree = "<group>"; };
		D162C82821371F6E00E8B927 /* cprtypes.cpp */ = {isa = PBXFileReference; lastKnownFileType = sourcecode.cpp.cpp; name = cprtypes.cpp; path = cpr/cprtypes.cpp; sourceTree = "<group>"; };
		D162C82921371F6E00E8B927 /* cprtypes.h */ = {isa = PBXFileReference; lastKnownFileType = sourcecode.c.h; name = cprtypes.h; path = cpr/cprtypes.h; sourceTree = "<group>"; };
		D162C82A21371F6E00E8B927 /* curlholder.h */ = {isa = PBXFileReference; lastKnownFileType = sourcecode.c.h; name = curlholder.h; path = cpr/curlholder.h; sourceTree = "<group>"; };
		D162C82B21371F6E00E8B927 /* defines.h */ = {isa = PBXFileReference; lastKnownFileType = sourcecode.c.h; name = defines.h; path = cpr/defines.h; sourceTree = "<group>"; };
		D162C82C21371F6E00E8B927 /* digest.cpp */ = {isa = PBXFileReference; lastKnownFileType = sourcecode.cpp.cpp; name = digest.cpp; path = cpr/digest.cpp; sourceTree = "<group>"; };
		D162C82D21371F6E00E8B927 /* digest.h */ = {isa = PBXFileReference; lastKnownFileType = sourcecode.c.h; name = digest.h; path = cpr/digest.h; sourceTree = "<group>"; };
		D162C82E21371F6E00E8B927 /* error.cpp */ = {isa = PBXFileReference; lastKnownFileType = sourcecode.cpp.cpp; name = error.cpp; path = cpr/error.cpp; sourceTree = "<group>"; };
		D162C82F21371F6E00E8B927 /* error.h */ = {isa = PBXFileReference; lastKnownFileType = sourcecode.c.h; name = error.h; path = cpr/error.h; sourceTree = "<group>"; };
		D162C83021371F6E00E8B927 /* low_speed.h */ = {isa = PBXFileReference; lastKnownFileType = sourcecode.c.h; name = low_speed.h; path = cpr/low_speed.h; sourceTree = "<group>"; };
		D162C83121371F6E00E8B927 /* max_redirects.h */ = {isa = PBXFileReference; lastKnownFileType = sourcecode.c.h; name = max_redirects.h; path = cpr/max_redirects.h; sourceTree = "<group>"; };
		D162C83221371F6E00E8B927 /* multipart.cpp */ = {isa = PBXFileReference; lastKnownFileType = sourcecode.cpp.cpp; name = multipart.cpp; path = cpr/multipart.cpp; sourceTree = "<group>"; };
		D162C83321371F6E00E8B927 /* multipart.h */ = {isa = PBXFileReference; lastKnownFileType = sourcecode.c.h; name = multipart.h; path = cpr/multipart.h; sourceTree = "<group>"; };
		D162C83421371F6E00E8B927 /* parameters.cpp */ = {isa = PBXFileReference; lastKnownFileType = sourcecode.cpp.cpp; name = parameters.cpp; path = cpr/parameters.cpp; sourceTree = "<group>"; };
		D162C83521371F6E00E8B927 /* parameters.h */ = {isa = PBXFileReference; lastKnownFileType = sourcecode.c.h; name = parameters.h; path = cpr/parameters.h; sourceTree = "<group>"; };
		D162C83621371F6E00E8B927 /* payload.cpp */ = {isa = PBXFileReference; lastKnownFileType = sourcecode.cpp.cpp; name = payload.cpp; path = cpr/payload.cpp; sourceTree = "<group>"; };
		D162C83721371F6E00E8B927 /* payload.h */ = {isa = PBXFileReference; lastKnownFileType = sourcecode.c.h; name = payload.h; path = cpr/payload.h; sourceTree = "<group>"; };
		D162C83821371F6E00E8B927 /* proxies.cpp */ = {isa = PBXFileReference; lastKnownFileType = sourcecode.cpp.cpp; name = proxies.cpp; path = cpr/proxies.cpp; sourceTree = "<group>"; };
		D162C83921371F6E00E8B927 /* proxies.h */ = {isa = PBXFileReference; lastKnownFileType = sourcecode.c.h; name = proxies.h; path = cpr/proxies.h; sourceTree = "<group>"; };
		D162C83A21371F6E00E8B927 /* response.h */ = {isa = PBXFileReference; lastKnownFileType = sourcecode.c.h; name = response.h; path = cpr/response.h; sourceTree = "<group>"; };
		D162C83B21371F6E00E8B927 /* session.cpp */ = {isa = PBXFileReference; lastKnownFileType = sourcecode.cpp.cpp; name = session.cpp; path = cpr/session.cpp; sourceTree = "<group>"; };
		D162C83C21371F6E00E8B927 /* session.h */ = {isa = PBXFileReference; lastKnownFileType = sourcecode.c.h; name = session.h; path = cpr/session.h; sourceTree = "<group>"; };
		D162C83D21371F6E00E8B927 /* ssl_options.cpp */ = {isa = PBXFileReference; lastKnownFileType = sourcecode.cpp.cpp; name = ssl_options.cpp; path = cpr/ssl_options.cpp; sourceTree = "<group>"; };
		D162C83E21371F6E00E8B927 /* ssl_options.h */ = {isa = PBXFileReference; lastKnownFileType = sourcecode.c.h; name = ssl_options.h; path = cpr/ssl_options.h; sourceTree = "<group>"; };
		D162C83F21371F6E00E8B927 /* timeout.cpp */ = {isa = PBXFileReference; lastKnownFileType = sourcecode.cpp.cpp; name = timeout.cpp; path = cpr/timeout.cpp; sourceTree = "<group>"; };
		D162C84021371F6E00E8B927 /* timeout.h */ = {isa = PBXFileReference; lastKnownFileType = sourcecode.c.h; name = timeout.h; path = cpr/timeout.h; sourceTree = "<group>"; };
		D162C84121371F6E00E8B927 /* util.cpp */ = {isa = PBXFileReference; lastKnownFileType = sourcecode.cpp.cpp; name = util.cpp; path = cpr/util.cpp; sourceTree = "<group>"; };
		D162C84221371F6E00E8B927 /* util.h */ = {isa = PBXFileReference; lastKnownFileType = sourcecode.c.h; name = util.h; path = cpr/util.h; sourceTree = "<group>"; };
/* End PBXFileReference section */

/* Begin PBXFrameworksBuildPhase section */
		D146E09D2134DDFE0005027D /* Frameworks */ = {
			isa = PBXFrameworksBuildPhase;
			buildActionMask = 2147483647;
			files = (
			);
			runOnlyForDeploymentPostprocessing = 0;
		};
/* End PBXFrameworksBuildPhase section */

/* Begin PBXGroup section */
		D146E0972134DDFE0005027D = {
			isa = PBXGroup;
			children = (
				D162C82021371F6E00E8B927 /* api.h */,
				D162C82121371F6E00E8B927 /* auth.cpp */,
				D162C82221371F6E00E8B927 /* auth.h */,
				D162C82321371F6E00E8B927 /* body.h */,
				D162C82421371F6E00E8B927 /* CMakeLists.txt */,
				D162C82521371F6E00E8B927 /* cookies.cpp */,
				D162C82621371F6E00E8B927 /* cookies.h */,
				D162C82721371F6E00E8B927 /* cpr.h */,
				D162C82821371F6E00E8B927 /* cprtypes.cpp */,
				D162C82921371F6E00E8B927 /* cprtypes.h */,
				D162C82A21371F6E00E8B927 /* curlholder.h */,
				D162C82B21371F6E00E8B927 /* defines.h */,
				D162C82C21371F6E00E8B927 /* digest.cpp */,
				D162C82D21371F6E00E8B927 /* digest.h */,
				D162C82E21371F6E00E8B927 /* error.cpp */,
				D162C82F21371F6E00E8B927 /* error.h */,
				D162C83021371F6E00E8B927 /* low_speed.h */,
				D162C83121371F6E00E8B927 /* max_redirects.h */,
				D162C83221371F6E00E8B927 /* multipart.cpp */,
				D162C83321371F6E00E8B927 /* multipart.h */,
				D162C83421371F6E00E8B927 /* parameters.cpp */,
				D162C83521371F6E00E8B927 /* parameters.h */,
				D162C83621371F6E00E8B927 /* payload.cpp */,
				D162C83721371F6E00E8B927 /* payload.h */,
				D162C83821371F6E00E8B927 /* proxies.cpp */,
				D162C83921371F6E00E8B927 /* proxies.h */,
				D162C83A21371F6E00E8B927 /* response.h */,
				D162C83B21371F6E00E8B927 /* session.cpp */,
				D162C83C21371F6E00E8B927 /* session.h */,
				D162C83D21371F6E00E8B927 /* ssl_options.cpp */,
				D162C83E21371F6E00E8B927 /* ssl_options.h */,
				D162C83F21371F6E00E8B927 /* timeout.cpp */,
				D162C84021371F6E00E8B927 /* timeout.h */,
				D162C84121371F6E00E8B927 /* util.cpp */,
				D162C84221371F6E00E8B927 /* util.h */,
				D146E0A22134DDFE0005027D /* myAlgo */,
				D146E0A12134DDFE0005027D /* Products */,
			);
			sourceTree = "<group>";
		};
		D146E0A12134DDFE0005027D /* Products */ = {
			isa = PBXGroup;
			children = (
				D146E0A02134DDFE0005027D /* myAlgo */,
			);
			name = Products;
			sourceTree = "<group>";
		};
		D146E0A22134DDFE0005027D /* myAlgo */ = {
			isa = PBXGroup;
			children = (
				D162C81E21371B1200E8B927 /* trading */,
				D146E0A32134DDFE0005027D /* main.cpp */,
			);
			path = myAlgo;
			sourceTree = "<group>";
		};
		D162C81E21371B1200E8B927 /* trading */ = {
			isa = PBXGroup;
			children = (
				D162C7B2213577B200E8B927 /* Trader.cpp */,
				D162C7B3213577B200E8B927 /* Trader.hpp */,
				D162C7B5213578A700E8B927 /* Stats.cpp */,
				D162C7B6213578A700E8B927 /* Stats.hpp */,
				D162C7B8213578CE00E8B927 /* Portfolio.cpp */,
				D162C7B9213578CE00E8B927 /* Portfolio.hpp */,
				D162C7BB21357A1500E8B927 /* Holding.cpp */,
				D162C7BC21357A1500E8B927 /* Holding.hpp */,
				D162C7D12135F89C00E8B927 /* Order.cpp */,
				D162C7D22135F89C00E8B927 /* Order.hpp */,
			);
			path = trading;
			sourceTree = "<group>";
		};
/* End PBXGroup section */

/* Begin PBXHeadersBuildPhase section */
		D162C81F21371F5700E8B927 /* Headers */ = {
			isa = PBXHeadersBuildPhase;
			buildActionMask = 2147483647;
			files = (
				D162C84321371F6E00E8B927 /* api.h in Headers */,
				D162C84421371F6E00E8B927 /* auth.cpp in Headers */,
				D162C84521371F6E00E8B927 /* auth.h in Headers */,
				D162C84621371F6E00E8B927 /* body.h in Headers */,
				D162C84721371F6E00E8B927 /* CMakeLists.txt in Headers */,
				D162C84821371F6E00E8B927 /* cookies.cpp in Headers */,
				D162C84921371F6E00E8B927 /* cookies.h in Headers */,
				D162C84A21371F6E00E8B927 /* cpr.h in Headers */,
				D162C84B21371F6E00E8B927 /* cprtypes.cpp in Headers */,
				D162C84C21371F6E00E8B927 /* cprtypes.h in Headers */,
				D162C84D21371F6E00E8B927 /* curlholder.h in Headers */,
				D162C84E21371F6E00E8B927 /* defines.h in Headers */,
				D162C84F21371F6E00E8B927 /* digest.cpp in Headers */,
				D162C85021371F6E00E8B927 /* digest.h in Headers */,
				D162C85121371F6E00E8B927 /* error.cpp in Headers */,
				D162C85221371F6E00E8B927 /* error.h in Headers */,
				D162C85321371F6E00E8B927 /* low_speed.h in Headers */,
				D162C85421371F6E00E8B927 /* max_redirects.h in Headers */,
				D162C85521371F6E00E8B927 /* multipart.cpp in Headers */,
				D162C85621371F6E00E8B927 /* multipart.h in Headers */,
				D162C85721371F6E00E8B927 /* parameters.cpp in Headers */,
				D162C85821371F6E00E8B927 /* parameters.h in Headers */,
				D162C85921371F6E00E8B927 /* payload.cpp in Headers */,
				D162C85A21371F6E00E8B927 /* payload.h in Headers */,
				D162C85B21371F6E00E8B927 /* proxies.cpp in Headers */,
				D162C85C21371F6E00E8B927 /* proxies.h in Headers */,
				D162C85D21371F6E00E8B927 /* response.h in Headers */,
				D162C85E21371F6E00E8B927 /* session.cpp in Headers */,
				D162C85F21371F6E00E8B927 /* session.h in Headers */,
				D162C86021371F6E00E8B927 /* ssl_options.cpp in Headers */,
				D162C86121371F6E00E8B927 /* ssl_options.h in Headers */,
				D162C86221371F6E00E8B927 /* timeout.cpp in Headers */,
				D162C86321371F6E00E8B927 /* timeout.h in Headers */,
				D162C86421371F6E00E8B927 /* util.cpp in Headers */,
				D162C86521371F6E00E8B927 /* util.h in Headers */,
			);
			runOnlyForDeploymentPostprocessing = 0;
		};
/* End PBXHeadersBuildPhase section */

/* Begin PBXNativeTarget section */
		D146E09F2134DDFE0005027D /* myAlgo */ = {
			isa = PBXNativeTarget;
			buildConfigurationList = D146E0A72134DDFE0005027D /* Build configuration list for PBXNativeTarget "myAlgo" */;
			buildPhases = (
				D146E09C2134DDFE0005027D /* Sources */,
				D146E09D2134DDFE0005027D /* Frameworks */,
				D146E09E2134DDFE0005027D /* CopyFiles */,
				D162C81F21371F5700E8B927 /* Headers */,
			);
			buildRules = (
			);
			dependencies = (
			);
			name = myAlgo;
			productName = myAlgo;
			productReference = D146E0A02134DDFE0005027D /* myAlgo */;
			productType = "com.apple.product-type.tool";
		};
/* End PBXNativeTarget section */

/* Begin PBXProject section */
		D146E0982134DDFE0005027D /* Project object */ = {
			isa = PBXProject;
			attributes = {
				KnownAssetTags = (
					New,
				);
				LastUpgradeCheck = 0830;
				ORGANIZATIONNAME = "Joshua Karbi";
				TargetAttributes = {
					D146E09F2134DDFE0005027D = {
						CreatedOnToolsVersion = 8.3.2;
						ProvisioningStyle = Automatic;
					};
				};
			};
			buildConfigurationList = D146E09B2134DDFE0005027D /* Build configuration list for PBXProject "myAlgo" */;
			compatibilityVersion = "Xcode 3.2";
			developmentRegion = English;
			hasScannedForEncodings = 0;
			knownRegions = (
				en,
			);
			mainGroup = D146E0972134DDFE0005027D;
			productRefGroup = D146E0A12134DDFE0005027D /* Products */;
			projectDirPath = "";
			projectRoot = "";
			targets = (
				D146E09F2134DDFE0005027D /* myAlgo */,
			);
		};
/* End PBXProject section */

/* Begin PBXSourcesBuildPhase section */
		D146E09C2134DDFE0005027D /* Sources */ = {
			isa = PBXSourcesBuildPhase;
			buildActionMask = 2147483647;
			files = (
				D162C7BD21357A1500E8B927 /* Holding.cpp in Sources */,
				D162C7BA213578CE00E8B927 /* Portfolio.cpp in Sources */,
				D162C7D32135F89C00E8B927 /* Order.cpp in Sources */,
				D146E0A42134DDFE0005027D /* main.cpp in Sources */,
				D162C7B4213577B200E8B927 /* Trader.cpp in Sources */,
				D162C7B7213578A700E8B927 /* Stats.cpp in Sources */,
			);
			runOnlyForDeploymentPostprocessing = 0;
		};
/* End PBXSourcesBuildPhase section */

/* Begin XCBuildConfiguration section */
		D146E0A52134DDFE0005027D /* Debug */ = {
			isa = XCBuildConfiguration;
			buildSettings = {
				ALWAYS_SEARCH_USER_PATHS = NO;
				CLANG_ANALYZER_NONNULL = YES;
				CLANG_ANALYZER_NUMBER_OBJECT_CONVERSION = YES_AGGRESSIVE;
				CLANG_CXX_LANGUAGE_STANDARD = "gnu++0x";
				CLANG_CXX_LIBRARY = "libc++";
				CLANG_ENABLE_MODULES = YES;
				CLANG_ENABLE_OBJC_ARC = YES;
				CLANG_WARN_BOOL_CONVERSION = YES;
				CLANG_WARN_CONSTANT_CONVERSION = YES;
				CLANG_WARN_DIRECT_OBJC_ISA_USAGE = YES_ERROR;
				CLANG_WARN_DOCUMENTATION_COMMENTS = YES;
				CLANG_WARN_EMPTY_BODY = YES;
				CLANG_WARN_ENUM_CONVERSION = YES;
				CLANG_WARN_INFINITE_RECURSION = YES;
				CLANG_WARN_INT_CONVERSION = YES;
				CLANG_WARN_OBJC_ROOT_CLASS = YES_ERROR;
				CLANG_WARN_SUSPICIOUS_MOVE = YES;
				CLANG_WARN_UNREACHABLE_CODE = YES;
				CLANG_WARN__DUPLICATE_METHOD_MATCH = YES;
				CODE_SIGN_IDENTITY = "-";
				COPY_PHASE_STRIP = NO;
				DEBUG_INFORMATION_FORMAT = dwarf;
				ENABLE_STRICT_OBJC_MSGSEND = YES;
				ENABLE_TESTABILITY = YES;
				GCC_C_LANGUAGE_STANDARD = gnu99;
				GCC_DYNAMIC_NO_PIC = NO;
				GCC_NO_COMMON_BLOCKS = YES;
				GCC_OPTIMIZATION_LEVEL = 0;
				GCC_PREPROCESSOR_DEFINITIONS = (
					"DEBUG=1",
					"$(inherited)",
				);
				GCC_WARN_64_TO_32_BIT_CONVERSION = YES;
				GCC_WARN_ABOUT_RETURN_TYPE = YES_ERROR;
				GCC_WARN_UNDECLARED_SELECTOR = YES;
				GCC_WARN_UNINITIALIZED_AUTOS = YES_AGGRESSIVE;
				GCC_WARN_UNUSED_FUNCTION = YES;
				GCC_WARN_UNUSED_VARIABLE = YES;
				MACOSX_DEPLOYMENT_TARGET = 10.13;
				MTL_ENABLE_DEBUG_INFO = YES;
				ONLY_ACTIVE_ARCH = YES;
				SDKROOT = macosx;
			};
			name = Debug;
		};
		D146E0A62134DDFE0005027D /* Release */ = {
			isa = XCBuildConfiguration;
			buildSettings = {
				ALWAYS_SEARCH_USER_PATHS = NO;
				CLANG_ANALYZER_NONNULL = YES;
				CLANG_ANALYZER_NUMBER_OBJECT_CONVERSION = YES_AGGRESSIVE;
				CLANG_CXX_LANGUAGE_STANDARD = "gnu++0x";
				CLANG_CXX_LIBRARY = "libc++";
				CLANG_ENABLE_MODULES = YES;
				CLANG_ENABLE_OBJC_ARC = YES;
				CLANG_WARN_BOOL_CONVERSION = YES;
				CLANG_WARN_CONSTANT_CONVERSION = YES;
				CLANG_WARN_DIRECT_OBJC_ISA_USAGE = YES_ERROR;
				CLANG_WARN_DOCUMENTATION_COMMENTS = YES;
				CLANG_WARN_EMPTY_BODY = YES;
				CLANG_WARN_ENUM_CONVERSION = YES;
				CLANG_WARN_INFINITE_RECURSION = YES;
				CLANG_WARN_INT_CONVERSION = YES;
				CLANG_WARN_OBJC_ROOT_CLASS = YES_ERROR;
				CLANG_WARN_SUSPICIOUS_MOVE = YES;
				CLANG_WARN_UNREACHABLE_CODE = YES;
				CLANG_WARN__DUPLICATE_METHOD_MATCH = YES;
				CODE_SIGN_IDENTITY = "-";
				COPY_PHASE_STRIP = NO;
				DEBUG_INFORMATION_FORMAT = "dwarf-with-dsym";
				ENABLE_NS_ASSERTIONS = NO;
				ENABLE_STRICT_OBJC_MSGSEND = YES;
				GCC_C_LANGUAGE_STANDARD = gnu99;
				GCC_NO_COMMON_BLOCKS = YES;
				GCC_WARN_64_TO_32_BIT_CONVERSION = YES;
				GCC_WARN_ABOUT_RETURN_TYPE = YES_ERROR;
				GCC_WARN_UNDECLARED_SELECTOR = YES;
				GCC_WARN_UNINITIALIZED_AUTOS = YES_AGGRESSIVE;
				GCC_WARN_UNUSED_FUNCTION = YES;
				GCC_WARN_UNUSED_VARIABLE = YES;
				MACOSX_DEPLOYMENT_TARGET = 10.13;
				MTL_ENABLE_DEBUG_INFO = NO;
				SDKROOT = macosx;
			};
			name = Release;
		};
		D146E0A82134DDFE0005027D /* Debug */ = {
			isa = XCBuildConfiguration;
			buildSettings = {
				BUILD_VARIANTS = normal;
				HEADER_SEARCH_PATHS = /usr/local/include/;
				"HEADER_SEARCH_PATHS[sdk=macosx10.12]" = /Users/joshuakarbi/Desktop/trader/cpr/;
				LIBRARY_SEARCH_PATHS = /usr/local/lib/;
				MACOSX_DEPLOYMENT_TARGET = 10.12;
				PRODUCT_NAME = "$(TARGET_NAME)";
				STRINGS_FILE_OUTPUT_ENCODING = "UTF-8";
				"USER_HEADER_SEARCH_PATHS[arch=*]" = /Users/joshuakarbi/Desktop/trader/cpr/;
			};
			name = Debug;
		};
		D146E0A92134DDFE0005027D /* Release */ = {
			isa = XCBuildConfiguration;
			buildSettings = {
				BUILD_VARIANTS = normal;
				HEADER_SEARCH_PATHS = /usr/local/include/;
				"HEADER_SEARCH_PATHS[sdk=macosx10.12]" = /Users/joshuakarbi/Desktop/trader/cpr/;
				LIBRARY_SEARCH_PATHS = /usr/local/lib/;
				MACOSX_DEPLOYMENT_TARGET = 10.12;
				PRODUCT_NAME = "$(TARGET_NAME)";
				STRINGS_FILE_OUTPUT_ENCODING = "UTF-8";
				"USER_HEADER_SEARCH_PATHS[arch=*]" = /Users/joshuakarbi/Desktop/trader/cpr/;
			};
			name = Release;
		};
/* End XCBuildConfiguration section */

/* Begin XCConfigurationList section */
		D146E09B2134DDFE0005027D /* Build configuration list for PBXProject "myAlgo" */ = {
			isa = XCConfigurationList;
			buildConfigurations = (
				D146E0A52134DDFE0005027D /* Debug */,
				D146E0A62134DDFE0005027D /* Release */,
			);
			defaultConfigurationIsVisible = 0;
			defaultConfigurationName = Release;
		};
		D146E0A72134DDFE0005027D /* Build configuration list for PBXNativeTarget "myAlgo" */ = {
			isa = XCConfigurationList;
			buildConfigurations = (
				D146E0A82134DDFE0005027D /* Debug */,
				D146E0A92134DDFE0005027D /* Release */,
			);
			defaultConfigurationIsVisible = 0;
			defaultConfigurationName = Release;
		};
/* End XCConfigurationList section */
	};
	rootObject = D146E0982134DDFE0005027D /* Project object */;
}
