// !$*UTF8*$!
{
	archiveVersion = 1;
	classes = {
	};
	objectVersion = 46;
	objects = {

/* Begin PBXBuildFile section */
		D146E0A42134DDFE0005027D /* main.cpp in Sources */ = {isa = PBXBuildFile; fileRef = D146E0A32134DDFE0005027D /* main.cpp */; };
		D162C7B4213577B200E8B927 /* Trader.cpp in Sources */ = {isa = PBXBuildFile; fileRef = D162C7B2213577B200E8B927 /* Trader.cpp */; };
		D162C7B7213578A700E8B927 /* Stats.cpp in Sources */ = {isa = PBXBuildFile; fileRef = D162C7B5213578A700E8B927 /* Stats.cpp */; };
		D162C7BA213578CE00E8B927 /* Portfolio.cpp in Sources */ = {isa = PBXBuildFile; fileRef = D162C7B8213578CE00E8B927 /* Portfolio.cpp */; };
		D162C7BD21357A1500E8B927 /* Holding.cpp in Sources */ = {isa = PBXBuildFile; fileRef = D162C7BB21357A1500E8B927 /* Holding.cpp */; };
		D162C7D32135F89C00E8B927 /* Order.cpp in Sources */ = {isa = PBXBuildFile; fileRef = D162C7D12135F89C00E8B927 /* Order.cpp */; };
/* End PBXBuildFile section */

/* Begin PBXCopyFilesBuildPhase section */
		D146E09E2134DDFE0005027D /* CopyFiles */ = {
			isa = PBXCopyFilesBuildPhase;
			buildActionMask = 2147483647;
			dstPath = /usr/share/man/man1/;
			dstSubfolderSpec = 0;
			files = (
			);
			runOnlyForDeploymentPostprocessing = 1;
		};
/* End PBXCopyFilesBuildPhase section */

/* Begin PBXFileReference section */
		D146E0A02134DDFE0005027D /* myAlgo */ = {isa = PBXFileReference; explicitFileType = "compiled.mach-o.executable"; includeInIndex = 0; path = myAlgo; sourceTree = BUILT_PRODUCTS_DIR; };
		D146E0A32134DDFE0005027D /* main.cpp */ = {isa = PBXFileReference; lastKnownFileType = sourcecode.cpp.cpp; path = main.cpp; sourceTree = "<group>"; };
		D162C7B2213577B200E8B927 /* Trader.cpp */ = {isa = PBXFileReference; fileEncoding = 4; lastKnownFileType = sourcecode.cpp.cpp; path = Trader.cpp; sourceTree = "<group>"; };
		D162C7B3213577B200E8B927 /* Trader.hpp */ = {isa = PBXFileReference; fileEncoding = 4; lastKnownFileType = sourcecode.cpp.h; path = Trader.hpp; sourceTree = "<group>"; };
		D162C7B5213578A700E8B927 /* Stats.cpp */ = {isa = PBXFileReference; fileEncoding = 4; lastKnownFileType = sourcecode.cpp.cpp; path = Stats.cpp; sourceTree = "<group>"; };
		D162C7B6213578A700E8B927 /* Stats.hpp */ = {isa = PBXFileReference; fileEncoding = 4; lastKnownFileType = sourcecode.cpp.h; path = Stats.hpp; sourceTree = "<group>"; };
		D162C7B8213578CE00E8B927 /* Portfolio.cpp */ = {isa = PBXFileReference; fileEncoding = 4; lastKnownFileType = sourcecode.cpp.cpp; path = Portfolio.cpp; sourceTree = "<group>"; };
		D162C7B9213578CE00E8B927 /* Portfolio.hpp */ = {isa = PBXFileReference; fileEncoding = 4; lastKnownFileType = sourcecode.cpp.h; path = Portfolio.hpp; sourceTree = "<group>"; };
		D162C7BB21357A1500E8B927 /* Holding.cpp */ = {isa = PBXFileReference; fileEncoding = 4; lastKnownFileType = sourcecode.cpp.cpp; path = Holding.cpp; sourceTree = "<group>"; };
		D162C7BC21357A1500E8B927 /* Holding.hpp */ = {isa = PBXFileReference; fileEncoding = 4; lastKnownFileType = sourcecode.cpp.h; path = Holding.hpp; sourceTree = "<group>"; };
		D162C7D12135F89C00E8B927 /* Order.cpp */ = {isa = PBXFileReference; fileEncoding = 4; lastKnownFileType = sourcecode.cpp.cpp; path = Order.cpp; sourceTree = "<group>"; };
		D162C7D22135F89C00E8B927 /* Order.hpp */ = {isa = PBXFileReference; fileEncoding = 4; lastKnownFileType = sourcecode.cpp.h; path = Order.hpp; sourceTree = "<group>"; };
/* End PBXFileReference section */

/* Begin PBXFrameworksBuildPhase section */
		D146E09D2134DDFE0005027D /* Frameworks */ = {
			isa = PBXFrameworksBuildPhase;
			buildActionMask = 2147483647;
			files = (
			);
			runOnlyForDeploymentPostprocessing = 0;
		};
/* End PBXFrameworksBuildPhase section */

/* Begin PBXGroup section */
		D146E0972134DDFE0005027D = {
			isa = PBXGroup;
			children = (
				D146E0A22134DDFE0005027D /* myAlgo */,
				D146E0A12134DDFE0005027D /* Products */,
			);
			sourceTree = "<group>";
		};
		D146E0A12134DDFE0005027D /* Products */ = {
			isa = PBXGroup;
			children = (
				D146E0A02134DDFE0005027D /* myAlgo */,
			);
			name = Products;
			sourceTree = "<group>";
		};
		D146E0A22134DDFE0005027D /* myAlgo */ = {
			isa = PBXGroup;
			children = (
				D162C81E21371B1200E8B927 /* trading */,
				D146E0A32134DDFE0005027D /* main.cpp */,
			);
			path = myAlgo;
			sourceTree = "<group>";
		};
		D162C81E21371B1200E8B927 /* trading */ = {
			isa = PBXGroup;
			children = (
				D162C7B2213577B200E8B927 /* Trader.cpp */,
				D162C7B3213577B200E8B927 /* Trader.hpp */,
				D162C7B5213578A700E8B927 /* Stats.cpp */,
				D162C7B6213578A700E8B927 /* Stats.hpp */,
				D162C7B8213578CE00E8B927 /* Portfolio.cpp */,
				D162C7B9213578CE00E8B927 /* Portfolio.hpp */,
				D162C7BB21357A1500E8B927 /* Holding.cpp */,
				D162C7BC21357A1500E8B927 /* Holding.hpp */,
				D162C7D12135F89C00E8B927 /* Order.cpp */,
				D162C7D22135F89C00E8B927 /* Order.hpp */,
			);
			path = trading;
			sourceTree = "<group>";
		};
/* End PBXGroup section */

/* Begin PBXHeadersBuildPhase section */
		D162C81F21371F5700E8B927 /* Headers */ = {
			isa = PBXHeadersBuildPhase;
			buildActionMask = 2147483647;
			files = (
			);
			runOnlyForDeploymentPostprocessing = 0;
		};
/* End PBXHeadersBuildPhase section */

/* Begin PBXNativeTarget section */
		D146E09F2134DDFE0005027D /* myAlgo */ = {
			isa = PBXNativeTarget;
			buildConfigurationList = D146E0A72134DDFE0005027D /* Build configuration list for PBXNativeTarget "myAlgo" */;
			buildPhases = (
				D146E09C2134DDFE0005027D /* Sources */,
				D146E09D2134DDFE0005027D /* Frameworks */,
				D146E09E2134DDFE0005027D /* CopyFiles */,
				D162C81F21371F5700E8B927 /* Headers */,
			);
			buildRules = (
			);
			dependencies = (
			);
			name = myAlgo;
			productName = myAlgo;
			productReference = D146E0A02134DDFE0005027D /* myAlgo */;
			productType = "com.apple.product-type.tool";
		};
/* End PBXNativeTarget section */

/* Begin PBXProject section */
		D146E0982134DDFE0005027D /* Project object */ = {
			isa = PBXProject;
			attributes = {
				KnownAssetTags = (
					New,
				);
				LastUpgradeCheck = 0830;
				ORGANIZATIONNAME = "Joshua Karbi";
				TargetAttributes = {
					D146E09F2134DDFE0005027D = {
						CreatedOnToolsVersion = 8.3.2;
						ProvisioningStyle = Automatic;
					};
				};
			};
			buildConfigurationList = D146E09B2134DDFE0005027D /* Build configuration list for PBXProject "myAlgo" */;
			compatibilityVersion = "Xcode 3.2";
			developmentRegion = English;
			hasScannedForEncodings = 0;
			knownRegions = (
				en,
			);
			mainGroup = D146E0972134DDFE0005027D;
			productRefGroup = D146E0A12134DDFE0005027D /* Products */;
			projectDirPath = "";
			projectRoot = "";
			targets = (
				D146E09F2134DDFE0005027D /* myAlgo */,
			);
		};
/* End PBXProject section */

/* Begin PBXSourcesBuildPhase section */
		D146E09C2134DDFE0005027D /* Sources */ = {
			isa = PBXSourcesBuildPhase;
			buildActionMask = 2147483647;
			files = (
				D162C7BD21357A1500E8B927 /* Holding.cpp in Sources */,
				D162C7BA213578CE00E8B927 /* Portfolio.cpp in Sources */,
				D162C7D32135F89C00E8B927 /* Order.cpp in Sources */,
				D146E0A42134DDFE0005027D /* main.cpp in Sources */,
				D162C7B4213577B200E8B927 /* Trader.cpp in Sources */,
				D162C7B7213578A700E8B927 /* Stats.cpp in Sources */,
			);
			runOnlyForDeploymentPostprocessing = 0;
		};
/* End PBXSourcesBuildPhase section */

/* Begin XCBuildConfiguration section */
		D146E0A52134DDFE0005027D /* Debug */ = {
			isa = XCBuildConfiguration;
			buildSettings = {
				ALWAYS_SEARCH_USER_PATHS = NO;
				CLANG_ANALYZER_NONNULL = YES;
				CLANG_ANALYZER_NUMBER_OBJECT_CONVERSION = YES_AGGRESSIVE;
				CLANG_CXX_LANGUAGE_STANDARD = "gnu++0x";
				CLANG_CXX_LIBRARY = "libc++";
				CLANG_ENABLE_MODULES = YES;
				CLANG_ENABLE_OBJC_ARC = YES;
				CLANG_WARN_BOOL_CONVERSION = YES;
				CLANG_WARN_CONSTANT_CONVERSION = YES;
				CLANG_WARN_DIRECT_OBJC_ISA_USAGE = YES_ERROR;
				CLANG_WARN_DOCUMENTATION_COMMENTS = YES;
				CLANG_WARN_EMPTY_BODY = YES;
				CLANG_WARN_ENUM_CONVERSION = YES;
				CLANG_WARN_INFINITE_RECURSION = YES;
				CLANG_WARN_INT_CONVERSION = YES;
				CLANG_WARN_OBJC_ROOT_CLASS = YES_ERROR;
				CLANG_WARN_SUSPICIOUS_MOVE = YES;
				CLANG_WARN_UNREACHABLE_CODE = YES;
				CLANG_WARN__DUPLICATE_METHOD_MATCH = YES;
				CODE_SIGN_IDENTITY = "-";
				COPY_PHASE_STRIP = NO;
				DEBUG_INFORMATION_FORMAT = dwarf;
				ENABLE_STRICT_OBJC_MSGSEND = YES;
				ENABLE_TESTABILITY = YES;
				GCC_C_LANGUAGE_STANDARD = gnu99;
				GCC_DYNAMIC_NO_PIC = NO;
				GCC_NO_COMMON_BLOCKS = YES;
				GCC_OPTIMIZATION_LEVEL = 0;
				GCC_PREPROCESSOR_DEFINITIONS = (
					"DEBUG=1",
					"$(inherited)",
				);
				GCC_WARN_64_TO_32_BIT_CONVERSION = YES;
				GCC_WARN_ABOUT_RETURN_TYPE = YES_ERROR;
				GCC_WARN_UNDECLARED_SELECTOR = YES;
				GCC_WARN_UNINITIALIZED_AUTOS = YES_AGGRESSIVE;
				GCC_WARN_UNUSED_FUNCTION = YES;
				GCC_WARN_UNUSED_VARIABLE = YES;
				MACOSX_DEPLOYMENT_TARGET = 10.13;
				MTL_ENABLE_DEBUG_INFO = YES;
				ONLY_ACTIVE_ARCH = YES;
				SDKROOT = macosx;
			};
			name = Debug;
		};
		D146E0A62134DDFE0005027D /* Release */ = {
			isa = XCBuildConfiguration;
			buildSettings = {
				ALWAYS_SEARCH_USER_PATHS = NO;
				CLANG_ANALYZER_NONNULL = YES;
				CLANG_ANALYZER_NUMBER_OBJECT_CONVERSION = YES_AGGRESSIVE;
				CLANG_CXX_LANGUAGE_STANDARD = "gnu++0x";
				CLANG_CXX_LIBRARY = "libc++";
				CLANG_ENABLE_MODULES = YES;
				CLANG_ENABLE_OBJC_ARC = YES;
				CLANG_WARN_BOOL_CONVERSION = YES;
				CLANG_WARN_CONSTANT_CONVERSION = YES;
				CLANG_WARN_DIRECT_OBJC_ISA_USAGE = YES_ERROR;
				CLANG_WARN_DOCUMENTATION_COMMENTS = YES;
				CLANG_WARN_EMPTY_BODY = YES;
				CLANG_WARN_ENUM_CONVERSION = YES;
				CLANG_WARN_INFINITE_RECURSION = YES;
				CLANG_WARN_INT_CONVERSION = YES;
				CLANG_WARN_OBJC_ROOT_CLASS = YES_ERROR;
				CLANG_WARN_SUSPICIOUS_MOVE = YES;
				CLANG_WARN_UNREACHABLE_CODE = YES;
				CLANG_WARN__DUPLICATE_METHOD_MATCH = YES;
				CODE_SIGN_IDENTITY = "-";
				COPY_PHASE_STRIP = NO;
				DEBUG_INFORMATION_FORMAT = "dwarf-with-dsym";
				ENABLE_NS_ASSERTIONS = NO;
				ENABLE_STRICT_OBJC_MSGSEND = YES;
				GCC_C_LANGUAGE_STANDARD = gnu99;
				GCC_NO_COMMON_BLOCKS = YES;
				GCC_WARN_64_TO_32_BIT_CONVERSION = YES;
				GCC_WARN_ABOUT_RETURN_TYPE = YES_ERROR;
				GCC_WARN_UNDECLARED_SELECTOR = YES;
				GCC_WARN_UNINITIALIZED_AUTOS = YES_AGGRESSIVE;
				GCC_WARN_UNUSED_FUNCTION = YES;
				GCC_WARN_UNUSED_VARIABLE = YES;
				MACOSX_DEPLOYMENT_TARGET = 10.13;
				MTL_ENABLE_DEBUG_INFO = NO;
				SDKROOT = macosx;
			};
			name = Release;
		};
		D146E0A82134DDFE0005027D /* Debug */ = {
			isa = XCBuildConfiguration;
			buildSettings = {
				BUILD_VARIANTS = normal;
				HEADER_SEARCH_PATHS = /usr/local/include/;
				"HEADER_SEARCH_PATHS[sdk=macosx10.12]" = /Users/joshuakarbi/Desktop/trader/cpr/;
				LIBRARY_SEARCH_PATHS = /usr/local/lib/;
				MACOSX_DEPLOYMENT_TARGET = 10.12;
				PRODUCT_NAME = "$(TARGET_NAME)";
				STRINGS_FILE_OUTPUT_ENCODING = "UTF-8";
				"USER_HEADER_SEARCH_PATHS[arch=*]" = /Users/joshuakarbi/Desktop/trader/cpr/;
			};
			name = Debug;
		};
		D146E0A92134DDFE0005027D /* Release */ = {
			isa = XCBuildConfiguration;
			buildSettings = {
				BUILD_VARIANTS = normal;
				HEADER_SEARCH_PATHS = /usr/local/include/;
				"HEADER_SEARCH_PATHS[sdk=macosx10.12]" = /Users/joshuakarbi/Desktop/trader/cpr/;
				LIBRARY_SEARCH_PATHS = /usr/local/lib/;
				MACOSX_DEPLOYMENT_TARGET = 10.12;
				PRODUCT_NAME = "$(TARGET_NAME)";
				STRINGS_FILE_OUTPUT_ENCODING = "UTF-8";
				"USER_HEADER_SEARCH_PATHS[arch=*]" = /Users/joshuakarbi/Desktop/trader/cpr/;
			};
			name = Release;
		};
/* End XCBuildConfiguration section */

/* Begin XCConfigurationList section */
		D146E09B2134DDFE0005027D /* Build configuration list for PBXProject "myAlgo" */ = {
			isa = XCConfigurationList;
			buildConfigurations = (
				D146E0A52134DDFE0005027D /* Debug */,
				D146E0A62134DDFE0005027D /* Release */,
			);
			defaultConfigurationIsVisible = 0;
			defaultConfigurationName = Release;
		};
		D146E0A72134DDFE0005027D /* Build configuration list for PBXNativeTarget "myAlgo" */ = {
			isa = XCConfigurationList;
			buildConfigurations = (
				D146E0A82134DDFE0005027D /* Debug */,
				D146E0A92134DDFE0005027D /* Release */,
			);
			defaultConfigurationIsVisible = 0;
			defaultConfigurationName = Release;
		};
/* End XCConfigurationList section */
	};
	rootObject = D146E0982134DDFE0005027D /* Project object */;
}
